
Microsoft Visual Studio Solution File, Format Version 12.00
# Visual Studio Version 17
VisualStudioVersion = 17.10.35013.160
MinimumVisualStudioVersion = 10.0.40219.1
Project("{FAE04EC0-301F-11D3-BF4B-00C04F79EFBC}") = "Exmaination_System", "Exmaination_System\Exmaination_System.csproj", "{C06EBFBD-2529-4C96-868E-55362D78A4A4}"
EndProject
Global
	GlobalSection(SolutionConfigurationPlatforms) = preSolution
		Debug|Any CPU = Debug|Any CPU
		Release|Any CPU = Release|Any CPU
	EndGlobalSection
	GlobalSection(ProjectConfigurationPlatforms) = postSolution
		{C06EBFBD-2529-4C96-868E-55362D78A4A4}.Debug|Any CPU.ActiveCfg = Debug|Any CPU
		{C06EBFBD-2529-4C96-868E-55362D78A4A4}.Debug|Any CPU.Build.0 = Debug|Any CPU
		{C06EBFBD-2529-4C96-868E-55362D78A4A4}.Release|Any CPU.ActiveCfg = Release|Any CPU
		{C06EBFBD-2529-4C96-868E-55362D78A4A4}.Release|Any CPU.Build.0 = Release|Any CPU
	EndGlobalSection
	GlobalSection(SolutionProperties) = preSolution
		HideSolutionNode = FALSE
	EndGlobalSection
	GlobalSection(ExtensibilityGlobals) = postSolution
		SolutionGuid = {2B61F37A-BA3E-4C14-AB55-C7AEA70867EF}
	EndGlobalSection
EndGlobal
